
Microsoft Visual Studio Solution File, Format Version 12.00
# Visual Studio Version 16
VisualStudioVersion = 16.0.30503.244
MinimumVisualStudioVersion = 10.0.40219.1
Project("{FAE04EC0-301F-11D3-BF4B-00C04F79EFBC}") = "EnlaceDatos.Android", "EnlaceDatos\EnlaceDatos.Android\EnlaceDatos.Android.csproj", "{ECF6F2E1-B667-4F16-B140-DF2D70240F45}"
EndProject
Project("{FAE04EC0-301F-11D3-BF4B-00C04F79EFBC}") = "EnlaceDatos.iOS", "EnlaceDatos\EnlaceDatos.iOS\EnlaceDatos.iOS.csproj", "{E2C485EF-B6B1-4204-B68A-FA2188BB6AFD}"
EndProject
Project("{FAE04EC0-301F-11D3-BF4B-00C04F79EFBC}") = "EnlaceDatos", "EnlaceDatos\EnlaceDatos\EnlaceDatos.csproj", "{88C88E94-7CE3-4980-846B-C6A5CA3DBA2E}"
EndProject
Global
	GlobalSection(SolutionConfigurationPlatforms) = preSolution
		Debug|Any CPU = Debug|Any CPU
		Debug|iPhone = Debug|iPhone
		Debug|iPhoneSimulator = Debug|iPhoneSimulator
		Release|Any CPU = Release|Any CPU
		Release|iPhone = Release|iPhone
		Release|iPhoneSimulator = Release|iPhoneSimulator
	EndGlobalSection
	GlobalSection(ProjectConfigurationPlatforms) = postSolution
		{ECF6F2E1-B667-4F16-B140-DF2D70240F45}.Debug|Any CPU.ActiveCfg = Debug|Any CPU
		{ECF6F2E1-B667-4F16-B140-DF2D70240F45}.Debug|Any CPU.Build.0 = Debug|Any CPU
		{ECF6F2E1-B667-4F16-B140-DF2D70240F45}.Debug|Any CPU.Deploy.0 = Debug|Any CPU
		{ECF6F2E1-B667-4F16-B140-DF2D70240F45}.Debug|iPhone.ActiveCfg = Debug|Any CPU
		{ECF6F2E1-B667-4F16-B140-DF2D70240F45}.Debug|iPhone.Build.0 = Debug|Any CPU
		{ECF6F2E1-B667-4F16-B140-DF2D70240F45}.Debug|iPhone.Deploy.0 = Debug|Any CPU
		{ECF6F2E1-B667-4F16-B140-DF2D70240F45}.Debug|iPhoneSimulator.ActiveCfg = Debug|Any CPU
		{ECF6F2E1-B667-4F16-B140-DF2D70240F45}.Debug|iPhoneSimulator.Build.0 = Debug|Any CPU
		{ECF6F2E1-B667-4F16-B140-DF2D70240F45}.Debug|iPhoneSimulator.Deploy.0 = Debug|Any CPU
		{ECF6F2E1-B667-4F16-B140-DF2D70240F45}.Release|Any CPU.ActiveCfg = Release|Any CPU
		{ECF6F2E1-B667-4F16-B140-DF2D70240F45}.Release|Any CPU.Build.0 = Release|Any CPU
		{ECF6F2E1-B667-4F16-B140-DF2D70240F45}.Release|Any CPU.Deploy.0 = Release|Any CPU
		{ECF6F2E1-B667-4F16-B140-DF2D70240F45}.Release|iPhone.ActiveCfg = Release|Any CPU
		{ECF6F2E1-B667-4F16-B140-DF2D70240F45}.Release|iPhone.Build.0 = Release|Any CPU
		{ECF6F2E1-B667-4F16-B140-DF2D70240F45}.Release|iPhone.Deploy.0 = Release|Any CPU
		{ECF6F2E1-B667-4F16-B140-DF2D70240F45}.Release|iPhoneSimulator.ActiveCfg = Release|Any CPU
		{ECF6F2E1-B667-4F16-B140-DF2D70240F45}.Release|iPhoneSimulator.Build.0 = Release|Any CPU
		{ECF6F2E1-B667-4F16-B140-DF2D70240F45}.Release|iPhoneSimulator.Deploy.0 = Release|Any CPU
		{E2C485EF-B6B1-4204-B68A-FA2188BB6AFD}.Debug|Any CPU.ActiveCfg = Debug|iPhone
		{E2C485EF-B6B1-4204-B68A-FA2188BB6AFD}.Debug|Any CPU.Build.0 = Debug|iPhone
		{E2C485EF-B6B1-4204-B68A-FA2188BB6AFD}.Debug|Any CPU.Deploy.0 = Debug|iPhone
		{E2C485EF-B6B1-4204-B68A-FA2188BB6AFD}.Debug|iPhone.ActiveCfg = Debug|iPhone
		{E2C485EF-B6B1-4204-B68A-FA2188BB6AFD}.Debug|iPhone.Build.0 = Debug|iPhone
		{E2C485EF-B6B1-4204-B68A-FA2188BB6AFD}.Debug|iPhone.Deploy.0 = Debug|iPhone
		{E2C485EF-B6B1-4204-B68A-FA2188BB6AFD}.Debug|iPhoneSimulator.ActiveCfg = Debug|iPhoneSimulator
		{E2C485EF-B6B1-4204-B68A-FA2188BB6AFD}.Debug|iPhoneSimulator.Build.0 = Debug|iPhoneSimulator
		{E2C485EF-B6B1-4204-B68A-FA2188BB6AFD}.Debug|iPhoneSimulator.Deploy.0 = Debug|iPhoneSimulator
		{E2C485EF-B6B1-4204-B68A-FA2188BB6AFD}.Release|Any CPU.ActiveCfg = Release|iPhoneSimulator
		{E2C485EF-B6B1-4204-B68A-FA2188BB6AFD}.Release|Any CPU.Build.0 = Release|iPhoneSimulator
		{E2C485EF-B6B1-4204-B68A-FA2188BB6AFD}.Release|Any CPU.Deploy.0 = Release|iPhoneSimulator
		{E2C485EF-B6B1-4204-B68A-FA2188BB6AFD}.Release|iPhone.ActiveCfg = Release|iPhone
		{E2C485EF-B6B1-4204-B68A-FA2188BB6AFD}.Release|iPhone.Build.0 = Release|iPhone
		{E2C485EF-B6B1-4204-B68A-FA2188BB6AFD}.Release|iPhone.Deploy.0 = Release|iPhone
		{E2C485EF-B6B1-4204-B68A-FA2188BB6AFD}.Release|iPhoneSimulator.ActiveCfg = Release|iPhoneSimulator
		{E2C485EF-B6B1-4204-B68A-FA2188BB6AFD}.Release|iPhoneSimulator.Build.0 = Release|iPhoneSimulator
		{E2C485EF-B6B1-4204-B68A-FA2188BB6AFD}.Release|iPhoneSimulator.Deploy.0 = Release|iPhoneSimulator
		{88C88E94-7CE3-4980-846B-C6A5CA3DBA2E}.Debug|Any CPU.ActiveCfg = Debug|Any CPU
		{88C88E94-7CE3-4980-846B-C6A5CA3DBA2E}.Debug|Any CPU.Build.0 = Debug|Any CPU
		{88C88E94-7CE3-4980-846B-C6A5CA3DBA2E}.Debug|Any CPU.Deploy.0 = Debug|Any CPU
		{88C88E94-7CE3-4980-846B-C6A5CA3DBA2E}.Debug|iPhone.ActiveCfg = Debug|Any CPU
		{88C88E94-7CE3-4980-846B-C6A5CA3DBA2E}.Debug|iPhone.Build.0 = Debug|Any CPU
		{88C88E94-7CE3-4980-846B-C6A5CA3DBA2E}.Debug|iPhone.Deploy.0 = Debug|Any CPU
		{88C88E94-7CE3-4980-846B-C6A5CA3DBA2E}.Debug|iPhoneSimulator.ActiveCfg = Debug|Any CPU
		{88C88E94-7CE3-4980-846B-C6A5CA3DBA2E}.Debug|iPhoneSimulator.Build.0 = Debug|Any CPU
		{88C88E94-7CE3-4980-846B-C6A5CA3DBA2E}.Debug|iPhoneSimulator.Deploy.0 = Debug|Any CPU
		{88C88E94-7CE3-4980-846B-C6A5CA3DBA2E}.Release|Any CPU.ActiveCfg = Release|Any CPU
		{88C88E94-7CE3-4980-846B-C6A5CA3DBA2E}.Release|Any CPU.Build.0 = Release|Any CPU
		{88C88E94-7CE3-4980-846B-C6A5CA3DBA2E}.Release|Any CPU.Deploy.0 = Release|Any CPU
		{88C88E94-7CE3-4980-846B-C6A5CA3DBA2E}.Release|iPhone.ActiveCfg = Release|Any CPU
		{88C88E94-7CE3-4980-846B-C6A5CA3DBA2E}.Release|iPhone.Build.0 = Release|Any CPU
		{88C88E94-7CE3-4980-846B-C6A5CA3DBA2E}.Release|iPhone.Deploy.0 = Release|Any CPU
		{88C88E94-7CE3-4980-846B-C6A5CA3DBA2E}.Release|iPhoneSimulator.ActiveCfg = Release|Any CPU
		{88C88E94-7CE3-4980-846B-C6A5CA3DBA2E}.Release|iPhoneSimulator.Build.0 = Release|Any CPU
		{88C88E94-7CE3-4980-846B-C6A5CA3DBA2E}.Release|iPhoneSimulator.Deploy.0 = Release|Any CPU
	EndGlobalSection
	GlobalSection(SolutionProperties) = preSolution
		HideSolutionNode = FALSE
	EndGlobalSection
	GlobalSection(ExtensibilityGlobals) = postSolution
		SolutionGuid = {2520C9B9-6A90-42D0-B664-6FECF929729C}
	EndGlobalSection
EndGlobal
