
Microsoft Visual Studio Solution File, Format Version 12.00
# Visual Studio Version 16
VisualStudioVersion = 16.0.30503.244
MinimumVisualStudioVersion = 10.0.40219.1
Project("{FAE04EC0-301F-11D3-BF4B-00C04F79EFBC}") = "Pomodoro.Android", "Pomodoro\Pomodoro.Android\Pomodoro.Android.csproj", "{F7D102C0-B893-4233-BB4A-D5A04D0F0F18}"
EndProject
Project("{FAE04EC0-301F-11D3-BF4B-00C04F79EFBC}") = "Pomodoro.iOS", "Pomodoro\Pomodoro.iOS\Pomodoro.iOS.csproj", "{37734368-B6E6-4FD8-85C6-C30FA2E2872F}"
EndProject
Project("{9A19103F-16F7-4668-BE54-9A1E7A4F7556}") = "Pomodoro", "Pomodoro\Pomodoro\Pomodoro.csproj", "{20D38419-AFBE-498E-8C5C-BE654A3B40A8}"
EndProject
Global
	GlobalSection(SolutionConfigurationPlatforms) = preSolution
		Debug|Any CPU = Debug|Any CPU
		Debug|ARM = Debug|ARM
		Debug|iPhone = Debug|iPhone
		Debug|iPhoneSimulator = Debug|iPhoneSimulator
		Debug|x64 = Debug|x64
		Debug|x86 = Debug|x86
		Release|Any CPU = Release|Any CPU
		Release|ARM = Release|ARM
		Release|iPhone = Release|iPhone
		Release|iPhoneSimulator = Release|iPhoneSimulator
		Release|x64 = Release|x64
		Release|x86 = Release|x86
	EndGlobalSection
	GlobalSection(ProjectConfigurationPlatforms) = postSolution
		{F7D102C0-B893-4233-BB4A-D5A04D0F0F18}.Debug|Any CPU.ActiveCfg = Debug|Any CPU
		{F7D102C0-B893-4233-BB4A-D5A04D0F0F18}.Debug|Any CPU.Build.0 = Debug|Any CPU
		{F7D102C0-B893-4233-BB4A-D5A04D0F0F18}.Debug|Any CPU.Deploy.0 = Debug|Any CPU
		{F7D102C0-B893-4233-BB4A-D5A04D0F0F18}.Debug|ARM.ActiveCfg = Debug|Any CPU
		{F7D102C0-B893-4233-BB4A-D5A04D0F0F18}.Debug|ARM.Build.0 = Debug|Any CPU
		{F7D102C0-B893-4233-BB4A-D5A04D0F0F18}.Debug|ARM.Deploy.0 = Debug|Any CPU
		{F7D102C0-B893-4233-BB4A-D5A04D0F0F18}.Debug|iPhone.ActiveCfg = Debug|Any CPU
		{F7D102C0-B893-4233-BB4A-D5A04D0F0F18}.Debug|iPhone.Build.0 = Debug|Any CPU
		{F7D102C0-B893-4233-BB4A-D5A04D0F0F18}.Debug|iPhone.Deploy.0 = Debug|Any CPU
		{F7D102C0-B893-4233-BB4A-D5A04D0F0F18}.Debug|iPhoneSimulator.ActiveCfg = Debug|Any CPU
		{F7D102C0-B893-4233-BB4A-D5A04D0F0F18}.Debug|iPhoneSimulator.Build.0 = Debug|Any CPU
		{F7D102C0-B893-4233-BB4A-D5A04D0F0F18}.Debug|iPhoneSimulator.Deploy.0 = Debug|Any CPU
		{F7D102C0-B893-4233-BB4A-D5A04D0F0F18}.Debug|x64.ActiveCfg = Debug|Any CPU
		{F7D102C0-B893-4233-BB4A-D5A04D0F0F18}.Debug|x64.Build.0 = Debug|Any CPU
		{F7D102C0-B893-4233-BB4A-D5A04D0F0F18}.Debug|x64.Deploy.0 = Debug|Any CPU
		{F7D102C0-B893-4233-BB4A-D5A04D0F0F18}.Debug|x86.ActiveCfg = Debug|Any CPU
		{F7D102C0-B893-4233-BB4A-D5A04D0F0F18}.Debug|x86.Build.0 = Debug|Any CPU
		{F7D102C0-B893-4233-BB4A-D5A04D0F0F18}.Debug|x86.Deploy.0 = Debug|Any CPU
		{F7D102C0-B893-4233-BB4A-D5A04D0F0F18}.Release|Any CPU.ActiveCfg = Release|Any CPU
		{F7D102C0-B893-4233-BB4A-D5A04D0F0F18}.Release|Any CPU.Build.0 = Release|Any CPU
		{F7D102C0-B893-4233-BB4A-D5A04D0F0F18}.Release|Any CPU.Deploy.0 = Release|Any CPU
		{F7D102C0-B893-4233-BB4A-D5A04D0F0F18}.Release|ARM.ActiveCfg = Release|Any CPU
		{F7D102C0-B893-4233-BB4A-D5A04D0F0F18}.Release|ARM.Build.0 = Release|Any CPU
		{F7D102C0-B893-4233-BB4A-D5A04D0F0F18}.Release|ARM.Deploy.0 = Release|Any CPU
		{F7D102C0-B893-4233-BB4A-D5A04D0F0F18}.Release|iPhone.ActiveCfg = Release|Any CPU
		{F7D102C0-B893-4233-BB4A-D5A04D0F0F18}.Release|iPhone.Build.0 = Release|Any CPU
		{F7D102C0-B893-4233-BB4A-D5A04D0F0F18}.Release|iPhone.Deploy.0 = Release|Any CPU
		{F7D102C0-B893-4233-BB4A-D5A04D0F0F18}.Release|iPhoneSimulator.ActiveCfg = Release|Any CPU
		{F7D102C0-B893-4233-BB4A-D5A04D0F0F18}.Release|iPhoneSimulator.Build.0 = Release|Any CPU
		{F7D102C0-B893-4233-BB4A-D5A04D0F0F18}.Release|iPhoneSimulator.Deploy.0 = Release|Any CPU
		{F7D102C0-B893-4233-BB4A-D5A04D0F0F18}.Release|x64.ActiveCfg = Release|Any CPU
		{F7D102C0-B893-4233-BB4A-D5A04D0F0F18}.Release|x64.Build.0 = Release|Any CPU
		{F7D102C0-B893-4233-BB4A-D5A04D0F0F18}.Release|x64.Deploy.0 = Release|Any CPU
		{F7D102C0-B893-4233-BB4A-D5A04D0F0F18}.Release|x86.ActiveCfg = Release|Any CPU
		{F7D102C0-B893-4233-BB4A-D5A04D0F0F18}.Release|x86.Build.0 = Release|Any CPU
		{F7D102C0-B893-4233-BB4A-D5A04D0F0F18}.Release|x86.Deploy.0 = Release|Any CPU
		{37734368-B6E6-4FD8-85C6-C30FA2E2872F}.Debug|Any CPU.ActiveCfg = Debug|iPhoneSimulator
		{37734368-B6E6-4FD8-85C6-C30FA2E2872F}.Debug|Any CPU.Build.0 = Debug|iPhoneSimulator
		{37734368-B6E6-4FD8-85C6-C30FA2E2872F}.Debug|Any CPU.Deploy.0 = Debug|iPhoneSimulator
		{37734368-B6E6-4FD8-85C6-C30FA2E2872F}.Debug|ARM.ActiveCfg = Debug|iPhone
		{37734368-B6E6-4FD8-85C6-C30FA2E2872F}.Debug|ARM.Build.0 = Debug|iPhone
		{37734368-B6E6-4FD8-85C6-C30FA2E2872F}.Debug|ARM.Deploy.0 = Debug|iPhone
		{37734368-B6E6-4FD8-85C6-C30FA2E2872F}.Debug|iPhone.ActiveCfg = Debug|iPhone
		{37734368-B6E6-4FD8-85C6-C30FA2E2872F}.Debug|iPhone.Build.0 = Debug|iPhone
		{37734368-B6E6-4FD8-85C6-C30FA2E2872F}.Debug|iPhone.Deploy.0 = Debug|iPhone
		{37734368-B6E6-4FD8-85C6-C30FA2E2872F}.Debug|iPhoneSimulator.ActiveCfg = Debug|iPhoneSimulator
		{37734368-B6E6-4FD8-85C6-C30FA2E2872F}.Debug|iPhoneSimulator.Build.0 = Debug|iPhoneSimulator
		{37734368-B6E6-4FD8-85C6-C30FA2E2872F}.Debug|iPhoneSimulator.Deploy.0 = Debug|iPhoneSimulator
		{37734368-B6E6-4FD8-85C6-C30FA2E2872F}.Debug|x64.ActiveCfg = Debug|iPhoneSimulator
		{37734368-B6E6-4FD8-85C6-C30FA2E2872F}.Debug|x64.Build.0 = Debug|iPhoneSimulator
		{37734368-B6E6-4FD8-85C6-C30FA2E2872F}.Debug|x64.Deploy.0 = Debug|iPhoneSimulator
		{37734368-B6E6-4FD8-85C6-C30FA2E2872F}.Debug|x86.ActiveCfg = Debug|iPhoneSimulator
		{37734368-B6E6-4FD8-85C6-C30FA2E2872F}.Debug|x86.Build.0 = Debug|iPhoneSimulator
		{37734368-B6E6-4FD8-85C6-C30FA2E2872F}.Debug|x86.Deploy.0 = Debug|iPhoneSimulator
		{37734368-B6E6-4FD8-85C6-C30FA2E2872F}.Release|Any CPU.ActiveCfg = Release|iPhoneSimulator
		{37734368-B6E6-4FD8-85C6-C30FA2E2872F}.Release|Any CPU.Build.0 = Release|iPhoneSimulator
		{37734368-B6E6-4FD8-85C6-C30FA2E2872F}.Release|Any CPU.Deploy.0 = Release|iPhoneSimulator
		{37734368-B6E6-4FD8-85C6-C30FA2E2872F}.Release|ARM.ActiveCfg = Release|iPhoneSimulator
		{37734368-B6E6-4FD8-85C6-C30FA2E2872F}.Release|ARM.Build.0 = Release|iPhoneSimulator
		{37734368-B6E6-4FD8-85C6-C30FA2E2872F}.Release|ARM.Deploy.0 = Release|iPhoneSimulator
		{37734368-B6E6-4FD8-85C6-C30FA2E2872F}.Release|iPhone.ActiveCfg = Release|iPhone
		{37734368-B6E6-4FD8-85C6-C30FA2E2872F}.Release|iPhone.Build.0 = Release|iPhone
		{37734368-B6E6-4FD8-85C6-C30FA2E2872F}.Release|iPhone.Deploy.0 = Release|iPhone
		{37734368-B6E6-4FD8-85C6-C30FA2E2872F}.Release|iPhoneSimulator.ActiveCfg = Release|iPhoneSimulator
		{37734368-B6E6-4FD8-85C6-C30FA2E2872F}.Release|iPhoneSimulator.Build.0 = Release|iPhoneSimulator
		{37734368-B6E6-4FD8-85C6-C30FA2E2872F}.Release|iPhoneSimulator.Deploy.0 = Release|iPhoneSimulator
		{37734368-B6E6-4FD8-85C6-C30FA2E2872F}.Release|x64.ActiveCfg = Release|iPhoneSimulator
		{37734368-B6E6-4FD8-85C6-C30FA2E2872F}.Release|x64.Build.0 = Release|iPhoneSimulator
		{37734368-B6E6-4FD8-85C6-C30FA2E2872F}.Release|x64.Deploy.0 = Release|iPhoneSimulator
		{37734368-B6E6-4FD8-85C6-C30FA2E2872F}.Release|x86.ActiveCfg = Release|iPhoneSimulator
		{37734368-B6E6-4FD8-85C6-C30FA2E2872F}.Release|x86.Build.0 = Release|iPhoneSimulator
		{37734368-B6E6-4FD8-85C6-C30FA2E2872F}.Release|x86.Deploy.0 = Release|iPhoneSimulator
		{20D38419-AFBE-498E-8C5C-BE654A3B40A8}.Debug|Any CPU.ActiveCfg = Debug|Any CPU
		{20D38419-AFBE-498E-8C5C-BE654A3B40A8}.Debug|Any CPU.Build.0 = Debug|Any CPU
		{20D38419-AFBE-498E-8C5C-BE654A3B40A8}.Debug|Any CPU.Deploy.0 = Debug|Any CPU
		{20D38419-AFBE-498E-8C5C-BE654A3B40A8}.Debug|ARM.ActiveCfg = Debug|Any CPU
		{20D38419-AFBE-498E-8C5C-BE654A3B40A8}.Debug|ARM.Build.0 = Debug|Any CPU
		{20D38419-AFBE-498E-8C5C-BE654A3B40A8}.Debug|ARM.Deploy.0 = Debug|Any CPU
		{20D38419-AFBE-498E-8C5C-BE654A3B40A8}.Debug|iPhone.ActiveCfg = Debug|Any CPU
		{20D38419-AFBE-498E-8C5C-BE654A3B40A8}.Debug|iPhone.Build.0 = Debug|Any CPU
		{20D38419-AFBE-498E-8C5C-BE654A3B40A8}.Debug|iPhone.Deploy.0 = Debug|Any CPU
		{20D38419-AFBE-498E-8C5C-BE654A3B40A8}.Debug|iPhoneSimulator.ActiveCfg = Debug|Any CPU
		{20D38419-AFBE-498E-8C5C-BE654A3B40A8}.Debug|iPhoneSimulator.Build.0 = Debug|Any CPU
		{20D38419-AFBE-498E-8C5C-BE654A3B40A8}.Debug|iPhoneSimulator.Deploy.0 = Debug|Any CPU
		{20D38419-AFBE-498E-8C5C-BE654A3B40A8}.Debug|x64.ActiveCfg = Debug|Any CPU
		{20D38419-AFBE-498E-8C5C-BE654A3B40A8}.Debug|x64.Build.0 = Debug|Any CPU
		{20D38419-AFBE-498E-8C5C-BE654A3B40A8}.Debug|x64.Deploy.0 = Debug|Any CPU
		{20D38419-AFBE-498E-8C5C-BE654A3B40A8}.Debug|x86.ActiveCfg = Debug|Any CPU
		{20D38419-AFBE-498E-8C5C-BE654A3B40A8}.Debug|x86.Build.0 = Debug|Any CPU
		{20D38419-AFBE-498E-8C5C-BE654A3B40A8}.Debug|x86.Deploy.0 = Debug|Any CPU
		{20D38419-AFBE-498E-8C5C-BE654A3B40A8}.Release|Any CPU.ActiveCfg = Release|Any CPU
		{20D38419-AFBE-498E-8C5C-BE654A3B40A8}.Release|Any CPU.Build.0 = Release|Any CPU
		{20D38419-AFBE-498E-8C5C-BE654A3B40A8}.Release|Any CPU.Deploy.0 = Release|Any CPU
		{20D38419-AFBE-498E-8C5C-BE654A3B40A8}.Release|ARM.ActiveCfg = Release|Any CPU
		{20D38419-AFBE-498E-8C5C-BE654A3B40A8}.Release|ARM.Build.0 = Release|Any CPU
		{20D38419-AFBE-498E-8C5C-BE654A3B40A8}.Release|ARM.Deploy.0 = Release|Any CPU
		{20D38419-AFBE-498E-8C5C-BE654A3B40A8}.Release|iPhone.ActiveCfg = Release|Any CPU
		{20D38419-AFBE-498E-8C5C-BE654A3B40A8}.Release|iPhone.Build.0 = Release|Any CPU
		{20D38419-AFBE-498E-8C5C-BE654A3B40A8}.Release|iPhone.Deploy.0 = Release|Any CPU
		{20D38419-AFBE-498E-8C5C-BE654A3B40A8}.Release|iPhoneSimulator.ActiveCfg = Release|Any CPU
		{20D38419-AFBE-498E-8C5C-BE654A3B40A8}.Release|iPhoneSimulator.Build.0 = Release|Any CPU
		{20D38419-AFBE-498E-8C5C-BE654A3B40A8}.Release|iPhoneSimulator.Deploy.0 = Release|Any CPU
		{20D38419-AFBE-498E-8C5C-BE654A3B40A8}.Release|x64.ActiveCfg = Release|Any CPU
		{20D38419-AFBE-498E-8C5C-BE654A3B40A8}.Release|x64.Build.0 = Release|Any CPU
		{20D38419-AFBE-498E-8C5C-BE654A3B40A8}.Release|x64.Deploy.0 = Release|Any CPU
		{20D38419-AFBE-498E-8C5C-BE654A3B40A8}.Release|x86.ActiveCfg = Release|Any CPU
		{20D38419-AFBE-498E-8C5C-BE654A3B40A8}.Release|x86.Build.0 = Release|Any CPU
		{20D38419-AFBE-498E-8C5C-BE654A3B40A8}.Release|x86.Deploy.0 = Release|Any CPU
	EndGlobalSection
	GlobalSection(SolutionProperties) = preSolution
		HideSolutionNode = FALSE
	EndGlobalSection
	GlobalSection(ExtensibilityGlobals) = postSolution
		SolutionGuid = {2FAC9AE6-E445-49C6-88B8-7745F1C01A5B}
	EndGlobalSection
EndGlobal
